
Microsoft Visual Studio Solution File, Format Version 12.00
# Visual Studio Version 17
VisualStudioVersion = 17.11.35222.181
MinimumVisualStudioVersion = 10.0.40219.1
Project("{FAE04EC0-301F-11D3-BF4B-00C04F79EFBC}") = "Koncierge.Cli", "Koncierge.Cli\Koncierge.Cli.csproj", "{25BEBD40-AB1F-4CF9-AF51-A46851FA68F2}"
EndProject
Project("{FAE04EC0-301F-11D3-BF4B-00C04F79EFBC}") = "Koncierge.Gui", "Koncierge.Gui\Koncierge.Gui.csproj", "{C5FFC5E8-2385-4A77-9C28-8373E529BD92}"
EndProject
Project("{FAE04EC0-301F-11D3-BF4B-00C04F79EFBC}") = "Koncierge.Domain", "Koncierge.Domain\Koncierge.Domain.csproj", "{EFF15E45-0F72-4D5F-9F7F-43DF3D1C6E4E}"
EndProject
Project("{FAE04EC0-301F-11D3-BF4B-00C04F79EFBC}") = "Koncierge.Core", "Koncierge.Core\Koncierge.Core.csproj", "{BDDBD983-CFF3-4ADD-A14E-468F254CD1F5}"
EndProject
Global
	GlobalSection(SolutionConfigurationPlatforms) = preSolution
		Debug|Any CPU = Debug|Any CPU
		Release|Any CPU = Release|Any CPU
	EndGlobalSection
	GlobalSection(ProjectConfigurationPlatforms) = postSolution
		{25BEBD40-AB1F-4CF9-AF51-A46851FA68F2}.Debug|Any CPU.ActiveCfg = Debug|Any CPU
		{25BEBD40-AB1F-4CF9-AF51-A46851FA68F2}.Debug|Any CPU.Build.0 = Debug|Any CPU
		{25BEBD40-AB1F-4CF9-AF51-A46851FA68F2}.Release|Any CPU.ActiveCfg = Release|Any CPU
		{25BEBD40-AB1F-4CF9-AF51-A46851FA68F2}.Release|Any CPU.Build.0 = Release|Any CPU
		{C5FFC5E8-2385-4A77-9C28-8373E529BD92}.Debug|Any CPU.ActiveCfg = Debug|Any CPU
		{C5FFC5E8-2385-4A77-9C28-8373E529BD92}.Debug|Any CPU.Build.0 = Debug|Any CPU
		{C5FFC5E8-2385-4A77-9C28-8373E529BD92}.Debug|Any CPU.Deploy.0 = Debug|Any CPU
		{C5FFC5E8-2385-4A77-9C28-8373E529BD92}.Release|Any CPU.ActiveCfg = Release|Any CPU
		{C5FFC5E8-2385-4A77-9C28-8373E529BD92}.Release|Any CPU.Build.0 = Release|Any CPU
		{C5FFC5E8-2385-4A77-9C28-8373E529BD92}.Release|Any CPU.Deploy.0 = Release|Any CPU
		{EFF15E45-0F72-4D5F-9F7F-43DF3D1C6E4E}.Debug|Any CPU.ActiveCfg = Debug|Any CPU
		{EFF15E45-0F72-4D5F-9F7F-43DF3D1C6E4E}.Debug|Any CPU.Build.0 = Debug|Any CPU
		{EFF15E45-0F72-4D5F-9F7F-43DF3D1C6E4E}.Release|Any CPU.ActiveCfg = Release|Any CPU
		{EFF15E45-0F72-4D5F-9F7F-43DF3D1C6E4E}.Release|Any CPU.Build.0 = Release|Any CPU
		{BDDBD983-CFF3-4ADD-A14E-468F254CD1F5}.Debug|Any CPU.ActiveCfg = Debug|Any CPU
		{BDDBD983-CFF3-4ADD-A14E-468F254CD1F5}.Debug|Any CPU.Build.0 = Debug|Any CPU
		{BDDBD983-CFF3-4ADD-A14E-468F254CD1F5}.Release|Any CPU.ActiveCfg = Release|Any CPU
		{BDDBD983-CFF3-4ADD-A14E-468F254CD1F5}.Release|Any CPU.Build.0 = Release|Any CPU
	EndGlobalSection
	GlobalSection(SolutionProperties) = preSolution
		HideSolutionNode = FALSE
	EndGlobalSection
	GlobalSection(ExtensibilityGlobals) = postSolution
		SolutionGuid = {B89F5367-2084-4B68-8BBB-FA8264FFEFB5}
	EndGlobalSection
EndGlobal
