
Microsoft Visual Studio Solution File, Format Version 12.00
# Visual Studio Version 17
VisualStudioVersion = 17.8.34330.188
MinimumVisualStudioVersion = 10.0.40219.1
Project("{FAE04EC0-301F-11D3-BF4B-00C04F79EFBC}") = "Koncierge.Ui", "Koncierge.Ui\Koncierge.Ui.csproj", "{F6442D22-D1E9-4F5B-ADFD-7F583A4F3620}"
EndProject
Project("{FAE04EC0-301F-11D3-BF4B-00C04F79EFBC}") = "Koncierge.Core", "Koncierge.Core\Koncierge.Core.csproj", "{FA9182AA-D66F-4D9E-851E-0E481E6829D9}"
EndProject
Project("{FAE04EC0-301F-11D3-BF4B-00C04F79EFBC}") = "Koncierge.Data", "Koncierge.Data\Koncierge.Data.csproj", "{5ABAE5F1-12A1-4638-A8C4-4DDBCAB9E2D2}"
EndProject
Project("{FAE04EC0-301F-11D3-BF4B-00C04F79EFBC}") = "Koncierge.k8s", "Koncierge.k8s\Koncierge.k8s.csproj", "{B0AFFD44-0E59-4B73-BB99-540C581C1C00}"
EndProject
Global
	GlobalSection(SolutionConfigurationPlatforms) = preSolution
		Debug|Any CPU = Debug|Any CPU
		Release|Any CPU = Release|Any CPU
	EndGlobalSection
	GlobalSection(ProjectConfigurationPlatforms) = postSolution
		{F6442D22-D1E9-4F5B-ADFD-7F583A4F3620}.Debug|Any CPU.ActiveCfg = Debug|Any CPU
		{F6442D22-D1E9-4F5B-ADFD-7F583A4F3620}.Debug|Any CPU.Build.0 = Debug|Any CPU
		{F6442D22-D1E9-4F5B-ADFD-7F583A4F3620}.Debug|Any CPU.Deploy.0 = Debug|Any CPU
		{F6442D22-D1E9-4F5B-ADFD-7F583A4F3620}.Release|Any CPU.ActiveCfg = Release|Any CPU
		{F6442D22-D1E9-4F5B-ADFD-7F583A4F3620}.Release|Any CPU.Build.0 = Release|Any CPU
		{F6442D22-D1E9-4F5B-ADFD-7F583A4F3620}.Release|Any CPU.Deploy.0 = Release|Any CPU
		{FA9182AA-D66F-4D9E-851E-0E481E6829D9}.Debug|Any CPU.ActiveCfg = Debug|Any CPU
		{FA9182AA-D66F-4D9E-851E-0E481E6829D9}.Debug|Any CPU.Build.0 = Debug|Any CPU
		{FA9182AA-D66F-4D9E-851E-0E481E6829D9}.Release|Any CPU.ActiveCfg = Release|Any CPU
		{FA9182AA-D66F-4D9E-851E-0E481E6829D9}.Release|Any CPU.Build.0 = Release|Any CPU
		{5ABAE5F1-12A1-4638-A8C4-4DDBCAB9E2D2}.Debug|Any CPU.ActiveCfg = Debug|Any CPU
		{5ABAE5F1-12A1-4638-A8C4-4DDBCAB9E2D2}.Debug|Any CPU.Build.0 = Debug|Any CPU
		{5ABAE5F1-12A1-4638-A8C4-4DDBCAB9E2D2}.Release|Any CPU.ActiveCfg = Release|Any CPU
		{5ABAE5F1-12A1-4638-A8C4-4DDBCAB9E2D2}.Release|Any CPU.Build.0 = Release|Any CPU
		{B0AFFD44-0E59-4B73-BB99-540C581C1C00}.Debug|Any CPU.ActiveCfg = Debug|Any CPU
		{B0AFFD44-0E59-4B73-BB99-540C581C1C00}.Debug|Any CPU.Build.0 = Debug|Any CPU
		{B0AFFD44-0E59-4B73-BB99-540C581C1C00}.Release|Any CPU.ActiveCfg = Release|Any CPU
		{B0AFFD44-0E59-4B73-BB99-540C581C1C00}.Release|Any CPU.Build.0 = Release|Any CPU
	EndGlobalSection
	GlobalSection(SolutionProperties) = preSolution
		HideSolutionNode = FALSE
	EndGlobalSection
	GlobalSection(ExtensibilityGlobals) = postSolution
		SolutionGuid = {47F6283D-8E24-4EE1-BDC8-56FC29F94014}
	EndGlobalSection
EndGlobal
